// !$*UTF8*$!
{
	archiveVersion = 1;
	classes = {
	};
	objectVersion = 54;
	objects = {

/* Begin PBXBuildFile section */
		1D3623260D0F684500981E51 /* MetroTabBarAppDelegate.m in Sources */ = {isa = PBXBuildFile; fileRef = 1D3623250D0F684500981E51 /* MetroTabBarAppDelegate.m */; };
		1D60589B0D05DD56006BFB54 /* main.m in Sources */ = {isa = PBXBuildFile; fileRef = 29B97316FDCFA39411CA2CEA /* main.m */; };
		1D60589F0D05DD5A006BFB54 /* Foundation.framework in Frameworks */ = {isa = PBXBuildFile; fileRef = 1D30AB110D05D00D00671497 /* Foundation.framework */; };
		1DF5F4E00D08C38300B7A737 /* UIKit.framework in Frameworks */ = {isa = PBXBuildFile; fileRef = 1DF5F4DF0D08C38300B7A737 /* UIKit.framework */; };
		288765080DF74369002DB57D /* CoreGraphics.framework in Frameworks */ = {isa = PBXBuildFile; fileRef = 288765070DF74369002DB57D /* CoreGraphics.framework */; };
		28AD73880D9D96C1002E5188 /* MainWindow.xib in Resources */ = {isa = PBXBuildFile; fileRef = 28AD73870D9D96C1002E5188 /* MainWindow.xib */; };
		505AA0CC1331B9E30010B6FF /* apple-touch-icon-retina.png in Resources */ = {isa = PBXBuildFile; fileRef = 505AA0CB1331B9E30010B6FF /* apple-touch-icon-retina.png */; };
		506499B417DD16CA007FE44C /* MapWebViewController.m in Sources */ = {isa = PBXBuildFile; fileRef = 506499B317DD16CA007FE44C /* MapWebViewController.m */; };
		506499B617DD2097007FE44C /* list@2x.png in Resources */ = {isa = PBXBuildFile; fileRef = 506499B517DD2097007FE44C /* list@2x.png */; };
		506499B817DD209E007FE44C /* map@2x.png in Resources */ = {isa = PBXBuildFile; fileRef = 506499B717DD209E007FE44C /* map@2x.png */; };
		506499BA17DD2573007FE44C /* grey-star@2x.png in Resources */ = {isa = PBXBuildFile; fileRef = 506499B917DD2573007FE44C /* grey-star@2x.png */; };
		506499BC17DD257B007FE44C /* orange-star@2x.png in Resources */ = {isa = PBXBuildFile; fileRef = 506499BB17DD257B007FE44C /* orange-star@2x.png */; };
		506499FF17DD2C9C007FE44C /* b.png in Resources */ = {isa = PBXBuildFile; fileRef = 506499E917DD2C9C007FE44C /* b.png */; };
		50649A0017DD2C9C007FE44C /* b@2x.png in Resources */ = {isa = PBXBuildFile; fileRef = 506499EA17DD2C9C007FE44C /* b@2x.png */; };
		50649A0117DD2C9C007FE44C /* bo.png in Resources */ = {isa = PBXBuildFile; fileRef = 506499EB17DD2C9C007FE44C /* bo.png */; };
		50649A0217DD2C9C007FE44C /* bo@2x.png in Resources */ = {isa = PBXBuildFile; fileRef = 506499EC17DD2C9C007FE44C /* bo@2x.png */; };
		50649A0317DD2C9C007FE44C /* bogy.png in Resources */ = {isa = PBXBuildFile; fileRef = 506499ED17DD2C9C007FE44C /* bogy.png */; };
		50649A0417DD2C9C007FE44C /* bogy@2x.png in Resources */ = {isa = PBXBuildFile; fileRef = 506499EE17DD2C9C007FE44C /* bogy@2x.png */; };
		50649A0517DD2C9C007FE44C /* bor.png in Resources */ = {isa = PBXBuildFile; fileRef = 506499EF17DD2C9C007FE44C /* bor.png */; };
		50649A0617DD2C9C007FE44C /* bor@2x.png in Resources */ = {isa = PBXBuildFile; fileRef = 506499F017DD2C9C007FE44C /* bor@2x.png */; };
		50649A0717DD2C9C007FE44C /* by.png in Resources */ = {isa = PBXBuildFile; fileRef = 506499F117DD2C9C007FE44C /* by.png */; };
		50649A0817DD2C9C007FE44C /* by@2x.png in Resources */ = {isa = PBXBuildFile; fileRef = 506499F217DD2C9C007FE44C /* by@2x.png */; };
		50649A0917DD2C9C007FE44C /* g.png in Resources */ = {isa = PBXBuildFile; fileRef = 506499F317DD2C9C007FE44C /* g.png */; };
		50649A0A17DD2C9C007FE44C /* g@2x.png in Resources */ = {isa = PBXBuildFile; fileRef = 506499F417DD2C9C007FE44C /* g@2x.png */; };
		50649A0B17DD2C9C007FE44C /* gy.png in Resources */ = {isa = PBXBuildFile; fileRef = 506499F517DD2C9C007FE44C /* gy.png */; };
		50649A0C17DD2C9C007FE44C /* gy@2x.png in Resources */ = {isa = PBXBuildFile; fileRef = 506499F617DD2C9C007FE44C /* gy@2x.png */; };
		50649A0D17DD2C9C007FE44C /* gyr.png in Resources */ = {isa = PBXBuildFile; fileRef = 506499F717DD2C9C007FE44C /* gyr.png */; };
		50649A0E17DD2C9C007FE44C /* gyr@2x.png in Resources */ = {isa = PBXBuildFile; fileRef = 506499F817DD2C9C007FE44C /* gyr@2x.png */; };
		50649A0F17DD2C9C007FE44C /* o.png in Resources */ = {isa = PBXBuildFile; fileRef = 506499F917DD2C9C007FE44C /* o.png */; };
		50649A1017DD2C9C007FE44C /* o@2x.png in Resources */ = {isa = PBXBuildFile; fileRef = 506499FA17DD2C9C007FE44C /* o@2x.png */; };
		50649A1117DD2C9C007FE44C /* r.png in Resources */ = {isa = PBXBuildFile; fileRef = 506499FB17DD2C9C007FE44C /* r.png */; };
		50649A1217DD2C9C007FE44C /* r@2x.png in Resources */ = {isa = PBXBuildFile; fileRef = 506499FC17DD2C9C007FE44C /* r@2x.png */; };
		50649A1317DD2C9C007FE44C /* y.png in Resources */ = {isa = PBXBuildFile; fileRef = 506499FD17DD2C9C007FE44C /* y.png */; };
		50649A1417DD2C9C007FE44C /* y@2x.png in Resources */ = {isa = PBXBuildFile; fileRef = 506499FE17DD2C9C007FE44C /* y@2x.png */; };
		506F916E19780C6000242E91 /* s@2x.png in Resources */ = {isa = PBXBuildFile; fileRef = 506F916C19780C6000242E91 /* s@2x.png */; };
		506F916F19780C6000242E91 /* s.png in Resources */ = {isa = PBXBuildFile; fileRef = 506F916D19780C6000242E91 /* s.png */; };
		506F917119780FC700242E91 /* dc_metro_silver.png in Resources */ = {isa = PBXBuildFile; fileRef = 506F917019780FC700242E91 /* dc_metro_silver.png */; };
		506F917319780FFB00242E91 /* dc-metro-silver.html in Resources */ = {isa = PBXBuildFile; fileRef = 506F917219780FFB00242E91 /* dc-metro-silver.html */; };
		50D10EF717DD0C8900D7E34B /* Images.xcassets in Resources */ = {isa = PBXBuildFile; fileRef = 50D10EF617DD0C8900D7E34B /* Images.xcassets */; };
		50D1A6E21336763C00AFAFCD /* MainWindow-iPad.xib in Resources */ = {isa = PBXBuildFile; fileRef = 50D1A6E11336763C00AFAFCD /* MainWindow-iPad.xib */; };
		50D5EA651337FB8A00E4E1E6 /* apple-touch-icon2.png in Resources */ = {isa = PBXBuildFile; fileRef = 50D5EA641337FB8A00E4E1E6 /* apple-touch-icon2.png */; };
		50ED01D61DA14C8C006F0BC1 /* LaunchScreen.storyboard in Resources */ = {isa = PBXBuildFile; fileRef = 50ED01D51DA14C8C006F0BC1 /* LaunchScreen.storyboard */; };
		930F23D50EBFFF0F00DDFBB0 /* MapWebView.xib in Resources */ = {isa = PBXBuildFile; fileRef = 930F23D40EBFFF0F00DDFBB0 /* MapWebView.xib */; };
		934322920EC8E64900374E69 /* list.png in Resources */ = {isa = PBXBuildFile; fileRef = 934322900EC8E64900374E69 /* list.png */; };
		934322930EC8E64900374E69 /* map.png in Resources */ = {isa = PBXBuildFile; fileRef = 934322910EC8E64900374E69 /* map.png */; };
		93B33E080EC0DA290069A656 /* apple-touch-icon.png in Resources */ = {isa = PBXBuildFile; fileRef = 93B33E070EC0DA290069A656 /* apple-touch-icon.png */; };
		93D9901D0EB2E79500DC7F32 /* orange-star.png in Resources */ = {isa = PBXBuildFile; fileRef = 93D9901C0EB2E79500DC7F32 /* orange-star.png */; };
		93D990CC0EB2F77700DC7F32 /* grey-star.png in Resources */ = {isa = PBXBuildFile; fileRef = 93D990CB0EB2F77700DC7F32 /* grey-star.png */; };
		93EF6C460EB3F560005092A7 /* MapUIScrollView.m in Sources */ = {isa = PBXBuildFile; fileRef = 93EF6C450EB3F560005092A7 /* MapUIScrollView.m */; };
		D09E9B030E91726300ECE763 /* ListView.xib in Resources */ = {isa = PBXBuildFile; fileRef = D09E9B020E91726300ECE763 /* ListView.xib */; };
		D09E9B050E91726900ECE763 /* MapView.xib in Resources */ = {isa = PBXBuildFile; fileRef = D09E9B040E91726900ECE763 /* MapView.xib */; };
		D09E9B080E91727F00ECE763 /* ListViewController.m in Sources */ = {isa = PBXBuildFile; fileRef = D09E9B070E91727F00ECE763 /* ListViewController.m */; };
		D09E9B0B0E91728800ECE763 /* MapViewController.m in Sources */ = {isa = PBXBuildFile; fileRef = D09E9B0A0E91728800ECE763 /* MapViewController.m */; };
		D0C10A040E918A01008F3EA7 /* FavoritesView.xib in Resources */ = {isa = PBXBuildFile; fileRef = D0C10A030E918A01008F3EA7 /* FavoritesView.xib */; };
		D0C10A070E918A13008F3EA7 /* FavoritesViewController.m in Sources */ = {isa = PBXBuildFile; fileRef = D0C10A060E918A13008F3EA7 /* FavoritesViewController.m */; };
		D0C10A2C0E918B22008F3EA7 /* WebViewController.m in Sources */ = {isa = PBXBuildFile; fileRef = D0C10A2B0E918B22008F3EA7 /* WebViewController.m */; };
		D0EFE0560E91900B006EDB00 /* WebView.xib in Resources */ = {isa = PBXBuildFile; fileRef = D0EFE0550E91900B006EDB00 /* WebView.xib */; };
/* End PBXBuildFile section */

/* Begin PBXFileReference section */
		1D30AB110D05D00D00671497 /* Foundation.framework */ = {isa = PBXFileReference; lastKnownFileType = wrapper.framework; name = Foundation.framework; path = System/Library/Frameworks/Foundation.framework; sourceTree = SDKROOT; };
		1D3623240D0F684500981E51 /* MetroTabBarAppDelegate.h */ = {isa = PBXFileReference; fileEncoding = 4; lastKnownFileType = sourcecode.c.h; path = MetroTabBarAppDelegate.h; sourceTree = "<group>"; };
		1D3623250D0F684500981E51 /* MetroTabBarAppDelegate.m */ = {isa = PBXFileReference; fileEncoding = 4; lastKnownFileType = sourcecode.c.objc; path = MetroTabBarAppDelegate.m; sourceTree = "<group>"; };
		1D6058910D05DD3D006BFB54 /* MetroTabBar.app */ = {isa = PBXFileReference; explicitFileType = wrapper.application; includeInIndex = 0; path = MetroTabBar.app; sourceTree = BUILT_PRODUCTS_DIR; };
		1DF5F4DF0D08C38300B7A737 /* UIKit.framework */ = {isa = PBXFileReference; lastKnownFileType = wrapper.framework; name = UIKit.framework; path = System/Library/Frameworks/UIKit.framework; sourceTree = SDKROOT; };
		2656B962578D5C83BBDEF168 /* libPods-MetroTabBar.a */ = {isa = PBXFileReference; explicitFileType = archive.ar; includeInIndex = 0; path = "libPods-MetroTabBar.a"; sourceTree = BUILT_PRODUCTS_DIR; };
		288765070DF74369002DB57D /* CoreGraphics.framework */ = {isa = PBXFileReference; lastKnownFileType = wrapper.framework; name = CoreGraphics.framework; path = System/Library/Frameworks/CoreGraphics.framework; sourceTree = SDKROOT; };
		28A0AB4B0D9B1048005BE974 /* MetroTabBar_Prefix.pch */ = {isa = PBXFileReference; fileEncoding = 4; lastKnownFileType = sourcecode.c.h; path = MetroTabBar_Prefix.pch; sourceTree = "<group>"; };
		28AD73870D9D96C1002E5188 /* MainWindow.xib */ = {isa = PBXFileReference; lastKnownFileType = file.xib; path = MainWindow.xib; sourceTree = "<group>"; };
		29B97316FDCFA39411CA2CEA /* main.m */ = {isa = PBXFileReference; fileEncoding = 4; lastKnownFileType = sourcecode.c.objc; path = main.m; sourceTree = "<group>"; };
		39ACEFCB6F60D69E01417795 /* Pods-MetroTabBar.distribution.xcconfig */ = {isa = PBXFileReference; includeInIndex = 1; lastKnownFileType = text.xcconfig; name = "Pods-MetroTabBar.distribution.xcconfig"; path = "Pods/Target Support Files/Pods-MetroTabBar/Pods-MetroTabBar.distribution.xcconfig"; sourceTree = "<group>"; };
		505AA0CB1331B9E30010B6FF /* apple-touch-icon-retina.png */ = {isa = PBXFileReference; lastKnownFileType = image.png; path = "apple-touch-icon-retina.png"; sourceTree = "<group>"; };
		506499B217DD16CA007FE44C /* MapWebViewController.h */ = {isa = PBXFileReference; fileEncoding = 4; lastKnownFileType = sourcecode.c.h; path = MapWebViewController.h; sourceTree = "<group>"; };
		506499B317DD16CA007FE44C /* MapWebViewController.m */ = {isa = PBXFileReference; fileEncoding = 4; lastKnownFileType = sourcecode.c.objc; path = MapWebViewController.m; sourceTree = "<group>"; };
		506499B517DD2097007FE44C /* list@2x.png */ = {isa = PBXFileReference; lastKnownFileType = image.png; path = "list@2x.png"; sourceTree = "<group>"; };
		506499B717DD209E007FE44C /* map@2x.png */ = {isa = PBXFileReference; lastKnownFileType = image.png; path = "map@2x.png"; sourceTree = "<group>"; };
		506499B917DD2573007FE44C /* grey-star@2x.png */ = {isa = PBXFileReference; lastKnownFileType = image.png; path = "grey-star@2x.png"; sourceTree = "<group>"; };
		506499BB17DD257B007FE44C /* orange-star@2x.png */ = {isa = PBXFileReference; lastKnownFileType = image.png; path = "orange-star@2x.png"; sourceTree = "<group>"; };
		506499E917DD2C9C007FE44C /* b.png */ = {isa = PBXFileReference; lastKnownFileType = image.png; name = b.png; path = metrolinescolors/b.png; sourceTree = "<group>"; };
		506499EA17DD2C9C007FE44C /* b@2x.png */ = {isa = PBXFileReference; lastKnownFileType = image.png; name = "b@2x.png"; path = "metrolinescolors/b@2x.png"; sourceTree = "<group>"; };
		506499EB17DD2C9C007FE44C /* bo.png */ = {isa = PBXFileReference; lastKnownFileType = image.png; name = bo.png; path = metrolinescolors/bo.png; sourceTree = "<group>"; };
		506499EC17DD2C9C007FE44C /* bo@2x.png */ = {isa = PBXFileReference; lastKnownFileType = image.png; name = "bo@2x.png"; path = "metrolinescolors/bo@2x.png"; sourceTree = "<group>"; };
		506499ED17DD2C9C007FE44C /* bogy.png */ = {isa = PBXFileReference; lastKnownFileType = image.png; name = bogy.png; path = metrolinescolors/bogy.png; sourceTree = "<group>"; };
		506499EE17DD2C9C007FE44C /* bogy@2x.png */ = {isa = PBXFileReference; lastKnownFileType = image.png; name = "bogy@2x.png"; path = "metrolinescolors/bogy@2x.png"; sourceTree = "<group>"; };
		506499EF17DD2C9C007FE44C /* bor.png */ = {isa = PBXFileReference; lastKnownFileType = image.png; name = bor.png; path = metrolinescolors/bor.png; sourceTree = "<group>"; };
		506499F017DD2C9C007FE44C /* bor@2x.png */ = {isa = PBXFileReference; lastKnownFileType = image.png; name = "bor@2x.png"; path = "metrolinescolors/bor@2x.png"; sourceTree = "<group>"; };
		506499F117DD2C9C007FE44C /* by.png */ = {isa = PBXFileReference; lastKnownFileType = image.png; name = by.png; path = metrolinescolors/by.png; sourceTree = "<group>"; };
		506499F217DD2C9C007FE44C /* by@2x.png */ = {isa = PBXFileReference; lastKnownFileType = image.png; name = "by@2x.png"; path = "metrolinescolors/by@2x.png"; sourceTree = "<group>"; };
		506499F317DD2C9C007FE44C /* g.png */ = {isa = PBXFileReference; lastKnownFileType = image.png; name = g.png; path = metrolinescolors/g.png; sourceTree = "<group>"; };
		506499F417DD2C9C007FE44C /* g@2x.png */ = {isa = PBXFileReference; lastKnownFileType = image.png; name = "g@2x.png"; path = "metrolinescolors/g@2x.png"; sourceTree = "<group>"; };
		506499F517DD2C9C007FE44C /* gy.png */ = {isa = PBXFileReference; lastKnownFileType = image.png; name = gy.png; path = metrolinescolors/gy.png; sourceTree = "<group>"; };
		506499F617DD2C9C007FE44C /* gy@2x.png */ = {isa = PBXFileReference; lastKnownFileType = image.png; name = "gy@2x.png"; path = "metrolinescolors/gy@2x.png"; sourceTree = "<group>"; };
		506499F717DD2C9C007FE44C /* gyr.png */ = {isa = PBXFileReference; lastKnownFileType = image.png; name = gyr.png; path = metrolinescolors/gyr.png; sourceTree = "<group>"; };
		506499F817DD2C9C007FE44C /* gyr@2x.png */ = {isa = PBXFileReference; lastKnownFileType = image.png; name = "gyr@2x.png"; path = "metrolinescolors/gyr@2x.png"; sourceTree = "<group>"; };
		506499F917DD2C9C007FE44C /* o.png */ = {isa = PBXFileReference; lastKnownFileType = image.png; name = o.png; path = metrolinescolors/o.png; sourceTree = "<group>"; };
		506499FA17DD2C9C007FE44C /* o@2x.png */ = {isa = PBXFileReference; lastKnownFileType = image.png; name = "o@2x.png"; path = "metrolinescolors/o@2x.png"; sourceTree = "<group>"; };
		506499FB17DD2C9C007FE44C /* r.png */ = {isa = PBXFileReference; lastKnownFileType = image.png; name = r.png; path = metrolinescolors/r.png; sourceTree = "<group>"; };
		506499FC17DD2C9C007FE44C /* r@2x.png */ = {isa = PBXFileReference; lastKnownFileType = image.png; name = "r@2x.png"; path = "metrolinescolors/r@2x.png"; sourceTree = "<group>"; };
		506499FD17DD2C9C007FE44C /* y.png */ = {isa = PBXFileReference; lastKnownFileType = image.png; name = y.png; path = metrolinescolors/y.png; sourceTree = "<group>"; };
		506499FE17DD2C9C007FE44C /* y@2x.png */ = {isa = PBXFileReference; lastKnownFileType = image.png; name = "y@2x.png"; path = "metrolinescolors/y@2x.png"; sourceTree = "<group>"; };
		5067DDCF17E0082F00423797 /* Crashlytics.framework */ = {isa = PBXFileReference; lastKnownFileType = wrapper.framework; path = Crashlytics.framework; sourceTree = "<group>"; };
		506F916C19780C6000242E91 /* s@2x.png */ = {isa = PBXFileReference; lastKnownFileType = image.png; name = "s@2x.png"; path = "metrolinescolors/s@2x.png"; sourceTree = "<group>"; };
		506F916D19780C6000242E91 /* s.png */ = {isa = PBXFileReference; lastKnownFileType = image.png; name = s.png; path = metrolinescolors/s.png; sourceTree = "<group>"; };
		506F917019780FC700242E91 /* dc_metro_silver.png */ = {isa = PBXFileReference; lastKnownFileType = image.png; path = dc_metro_silver.png; sourceTree = "<group>"; };
		506F917219780FFB00242E91 /* dc-metro-silver.html */ = {isa = PBXFileReference; fileEncoding = 4; lastKnownFileType = text.html; path = "dc-metro-silver.html"; sourceTree = "<group>"; };
		50D10EF617DD0C8900D7E34B /* Images.xcassets */ = {isa = PBXFileReference; lastKnownFileType = folder.assetcatalog; name = Images.xcassets; path = MetroTabBar/Images.xcassets; sourceTree = "<group>"; };
		50D1A6E11336763C00AFAFCD /* MainWindow-iPad.xib */ = {isa = PBXFileReference; fileEncoding = 4; lastKnownFileType = file.xib; path = "MainWindow-iPad.xib"; sourceTree = "<group>"; };
		50D5EA641337FB8A00E4E1E6 /* apple-touch-icon2.png */ = {isa = PBXFileReference; lastKnownFileType = image.png; path = "apple-touch-icon2.png"; sourceTree = "<group>"; };
		50ED01D51DA14C8C006F0BC1 /* LaunchScreen.storyboard */ = {isa = PBXFileReference; fileEncoding = 4; lastKnownFileType = file.storyboard; path = LaunchScreen.storyboard; sourceTree = "<group>"; };
		6D0ADEF0BBFA4799EC6AE57F /* Pods-MetroTabBar.release.xcconfig */ = {isa = PBXFileReference; includeInIndex = 1; lastKnownFileType = text.xcconfig; name = "Pods-MetroTabBar.release.xcconfig"; path = "Pods/Target Support Files/Pods-MetroTabBar/Pods-MetroTabBar.release.xcconfig"; sourceTree = "<group>"; };
		8D1107310486CEB800E47090 /* Info.plist */ = {isa = PBXFileReference; fileEncoding = 4; lastKnownFileType = text.plist.xml; path = Info.plist; sourceTree = "<group>"; };
		930F23D40EBFFF0F00DDFBB0 /* MapWebView.xib */ = {isa = PBXFileReference; lastKnownFileType = file.xib; path = MapWebView.xib; sourceTree = "<group>"; };
		934322900EC8E64900374E69 /* list.png */ = {isa = PBXFileReference; lastKnownFileType = image.png; path = list.png; sourceTree = "<group>"; };
		934322910EC8E64900374E69 /* map.png */ = {isa = PBXFileReference; lastKnownFileType = image.png; path = map.png; sourceTree = "<group>"; };
		93B33E070EC0DA290069A656 /* apple-touch-icon.png */ = {isa = PBXFileReference; lastKnownFileType = image.png; path = "apple-touch-icon.png"; sourceTree = "<group>"; };
		93D9901C0EB2E79500DC7F32 /* orange-star.png */ = {isa = PBXFileReference; lastKnownFileType = image.png; path = "orange-star.png"; sourceTree = "<group>"; };
		93D990CB0EB2F77700DC7F32 /* grey-star.png */ = {isa = PBXFileReference; lastKnownFileType = image.png; path = "grey-star.png"; sourceTree = "<group>"; };
		93EF6C440EB3F560005092A7 /* MapUIScrollView.h */ = {isa = PBXFileReference; fileEncoding = 4; lastKnownFileType = sourcecode.c.h; path = MapUIScrollView.h; sourceTree = "<group>"; };
		93EF6C450EB3F560005092A7 /* MapUIScrollView.m */ = {isa = PBXFileReference; fileEncoding = 4; lastKnownFileType = sourcecode.c.objc; path = MapUIScrollView.m; sourceTree = "<group>"; };
		C0FB1E78C8D1593CE9685D33 /* Pods-MetroTabBar.debug.xcconfig */ = {isa = PBXFileReference; includeInIndex = 1; lastKnownFileType = text.xcconfig; name = "Pods-MetroTabBar.debug.xcconfig"; path = "Pods/Target Support Files/Pods-MetroTabBar/Pods-MetroTabBar.debug.xcconfig"; sourceTree = "<group>"; };
		D09E9B020E91726300ECE763 /* ListView.xib */ = {isa = PBXFileReference; lastKnownFileType = file.xib; path = ListView.xib; sourceTree = "<group>"; };
		D09E9B040E91726900ECE763 /* MapView.xib */ = {isa = PBXFileReference; lastKnownFileType = file.xib; path = MapView.xib; sourceTree = "<group>"; };
		D09E9B060E91727F00ECE763 /* ListViewController.h */ = {isa = PBXFileReference; fileEncoding = 4; lastKnownFileType = sourcecode.c.h; path = ListViewController.h; sourceTree = "<group>"; };
		D09E9B070E91727F00ECE763 /* ListViewController.m */ = {isa = PBXFileReference; fileEncoding = 4; lastKnownFileType = sourcecode.c.objc; path = ListViewController.m; sourceTree = "<group>"; };
		D09E9B090E91728800ECE763 /* MapViewController.h */ = {isa = PBXFileReference; fileEncoding = 4; lastKnownFileType = sourcecode.c.h; path = MapViewController.h; sourceTree = "<group>"; };
		D09E9B0A0E91728800ECE763 /* MapViewController.m */ = {isa = PBXFileReference; fileEncoding = 4; lastKnownFileType = sourcecode.c.objc; path = MapViewController.m; sourceTree = "<group>"; };
		D0C10A030E918A01008F3EA7 /* FavoritesView.xib */ = {isa = PBXFileReference; lastKnownFileType = file.xib; path = FavoritesView.xib; sourceTree = "<group>"; };
		D0C10A050E918A13008F3EA7 /* FavoritesViewController.h */ = {isa = PBXFileReference; fileEncoding = 4; lastKnownFileType = sourcecode.c.h; path = FavoritesViewController.h; sourceTree = "<group>"; };
		D0C10A060E918A13008F3EA7 /* FavoritesViewController.m */ = {isa = PBXFileReference; fileEncoding = 4; lastKnownFileType = sourcecode.c.objc; path = FavoritesViewController.m; sourceTree = "<group>"; };
		D0C10A2A0E918B22008F3EA7 /* WebViewController.h */ = {isa = PBXFileReference; fileEncoding = 4; lastKnownFileType = sourcecode.c.h; path = WebViewController.h; sourceTree = "<group>"; };
		D0C10A2B0E918B22008F3EA7 /* WebViewController.m */ = {isa = PBXFileReference; fileEncoding = 4; lastKnownFileType = sourcecode.c.objc; path = WebViewController.m; sourceTree = "<group>"; };
		D0EFE0550E91900B006EDB00 /* WebView.xib */ = {isa = PBXFileReference; lastKnownFileType = file.xib; path = WebView.xib; sourceTree = "<group>"; };
/* End PBXFileReference section */

/* Begin PBXFrameworksBuildPhase section */
		1D60588F0D05DD3D006BFB54 /* Frameworks */ = {
			isa = PBXFrameworksBuildPhase;
			buildActionMask = 2147483647;
			files = (
				1D60589F0D05DD5A006BFB54 /* Foundation.framework in Frameworks */,
				1DF5F4E00D08C38300B7A737 /* UIKit.framework in Frameworks */,
				288765080DF74369002DB57D /* CoreGraphics.framework in Frameworks */,
			);
			runOnlyForDeploymentPostprocessing = 0;
		};
/* End PBXFrameworksBuildPhase section */

/* Begin PBXGroup section */
		080E96DDFE201D6D7F000001 /* Classes */ = {
			isa = PBXGroup;
			children = (
				1D3623240D0F684500981E51 /* MetroTabBarAppDelegate.h */,
				1D3623250D0F684500981E51 /* MetroTabBarAppDelegate.m */,
				D09E9B060E91727F00ECE763 /* ListViewController.h */,
				D09E9B070E91727F00ECE763 /* ListViewController.m */,
				D09E9B090E91728800ECE763 /* MapViewController.h */,
				D09E9B0A0E91728800ECE763 /* MapViewController.m */,
				D0C10A050E918A13008F3EA7 /* FavoritesViewController.h */,
				D0C10A060E918A13008F3EA7 /* FavoritesViewController.m */,
				D0C10A2A0E918B22008F3EA7 /* WebViewController.h */,
				D0C10A2B0E918B22008F3EA7 /* WebViewController.m */,
				506499B217DD16CA007FE44C /* MapWebViewController.h */,
				506499B317DD16CA007FE44C /* MapWebViewController.m */,
				93EF6C440EB3F560005092A7 /* MapUIScrollView.h */,
				93EF6C450EB3F560005092A7 /* MapUIScrollView.m */,
			);
			path = Classes;
			sourceTree = "<group>";
		};
		102C3D0A92F0D15CE18ADC88 /* Pods */ = {
			isa = PBXGroup;
			children = (
				C0FB1E78C8D1593CE9685D33 /* Pods-MetroTabBar.debug.xcconfig */,
				6D0ADEF0BBFA4799EC6AE57F /* Pods-MetroTabBar.release.xcconfig */,
				39ACEFCB6F60D69E01417795 /* Pods-MetroTabBar.distribution.xcconfig */,
			);
			name = Pods;
			sourceTree = "<group>";
		};
		19C28FACFE9D520D11CA2CBB /* Products */ = {
			isa = PBXGroup;
			children = (
				1D6058910D05DD3D006BFB54 /* MetroTabBar.app */,
			);
			name = Products;
			sourceTree = "<group>";
		};
		29B97314FDCFA39411CA2CEA /* MetroTabBar */ = {
			isa = PBXGroup;
			children = (
				50D5EA641337FB8A00E4E1E6 /* apple-touch-icon2.png */,
				9346E44125881AA80029399C /* Screenshots */,
				080E96DDFE201D6D7F000001 /* Classes */,
				29B97315FDCFA39411CA2CEA /* Other Sources */,
				29B97317FDCFA39411CA2CEA /* Resources */,
				29B97323FDCFA39411CA2CEA /* Frameworks */,
				19C28FACFE9D520D11CA2CBB /* Products */,
				102C3D0A92F0D15CE18ADC88 /* Pods */,
			);
			name = MetroTabBar;
			sourceTree = "<group>";
		};
		29B97315FDCFA39411CA2CEA /* Other Sources */ = {
			isa = PBXGroup;
			children = (
				28A0AB4B0D9B1048005BE974 /* MetroTabBar_Prefix.pch */,
				29B97316FDCFA39411CA2CEA /* main.m */,
			);
			name = "Other Sources";
			sourceTree = "<group>";
		};
		29B97317FDCFA39411CA2CEA /* Resources */ = {
			isa = PBXGroup;
			children = (
				50D10EF617DD0C8900D7E34B /* Images.xcassets */,
				506F917019780FC700242E91 /* dc_metro_silver.png */,
				505AA0CB1331B9E30010B6FF /* apple-touch-icon-retina.png */,
				9339AE660EC8C00300980E24 /* metro lines */,
				93D9901C0EB2E79500DC7F32 /* orange-star.png */,
				506499BB17DD257B007FE44C /* orange-star@2x.png */,
				93D990CB0EB2F77700DC7F32 /* grey-star.png */,
				506499B917DD2573007FE44C /* grey-star@2x.png */,
				93B33E070EC0DA290069A656 /* apple-touch-icon.png */,
				934322900EC8E64900374E69 /* list.png */,
				506499B517DD2097007FE44C /* list@2x.png */,
				934322910EC8E64900374E69 /* map.png */,
				506499B717DD209E007FE44C /* map@2x.png */,
				506F917219780FFB00242E91 /* dc-metro-silver.html */,
				50D1A6E11336763C00AFAFCD /* MainWindow-iPad.xib */,
				28AD73870D9D96C1002E5188 /* MainWindow.xib */,
				8D1107310486CEB800E47090 /* Info.plist */,
				D09E9B020E91726300ECE763 /* ListView.xib */,
				D09E9B040E91726900ECE763 /* MapView.xib */,
				D0C10A030E918A01008F3EA7 /* FavoritesView.xib */,
				D0EFE0550E91900B006EDB00 /* WebView.xib */,
				930F23D40EBFFF0F00DDFBB0 /* MapWebView.xib */,
				50ED01D51DA14C8C006F0BC1 /* LaunchScreen.storyboard */,
			);
			name = Resources;
			sourceTree = "<group>";
		};
		29B97323FDCFA39411CA2CEA /* Frameworks */ = {
			isa = PBXGroup;
			children = (
				5067DDCF17E0082F00423797 /* Crashlytics.framework */,
				1DF5F4DF0D08C38300B7A737 /* UIKit.framework */,
				1D30AB110D05D00D00671497 /* Foundation.framework */,
				288765070DF74369002DB57D /* CoreGraphics.framework */,
				2656B962578D5C83BBDEF168 /* libPods-MetroTabBar.a */,
			);
			name = Frameworks;
			sourceTree = "<group>";
		};
		9339AE660EC8C00300980E24 /* metro lines */ = {
			isa = PBXGroup;
			children = (
				506499E917DD2C9C007FE44C /* b.png */,
				506499EA17DD2C9C007FE44C /* b@2x.png */,
				506499EB17DD2C9C007FE44C /* bo.png */,
				506499EC17DD2C9C007FE44C /* bo@2x.png */,
				506499ED17DD2C9C007FE44C /* bogy.png */,
				506499EE17DD2C9C007FE44C /* bogy@2x.png */,
				506499EF17DD2C9C007FE44C /* bor.png */,
				506499F017DD2C9C007FE44C /* bor@2x.png */,
				506499F117DD2C9C007FE44C /* by.png */,
				506499F217DD2C9C007FE44C /* by@2x.png */,
				506499F317DD2C9C007FE44C /* g.png */,
				506499F417DD2C9C007FE44C /* g@2x.png */,
				506499F517DD2C9C007FE44C /* gy.png */,
				506499F617DD2C9C007FE44C /* gy@2x.png */,
				506499F717DD2C9C007FE44C /* gyr.png */,
				506499F817DD2C9C007FE44C /* gyr@2x.png */,
				506499F917DD2C9C007FE44C /* o.png */,
				506499FA17DD2C9C007FE44C /* o@2x.png */,
				506499FB17DD2C9C007FE44C /* r.png */,
				506499FC17DD2C9C007FE44C /* r@2x.png */,
				506F916D19780C6000242E91 /* s.png */,
				506F916C19780C6000242E91 /* s@2x.png */,
				506499FD17DD2C9C007FE44C /* y.png */,
				506499FE17DD2C9C007FE44C /* y@2x.png */,
			);
			name = "metro lines";
			sourceTree = "<group>";
		};
		9346E44125881AA80029399C /* Screenshots */ = {
			isa = PBXGroup;
			children = (
			);
			path = Screenshots;
			sourceTree = "<group>";
		};
/* End PBXGroup section */

/* Begin PBXNativeTarget section */
		1D6058900D05DD3D006BFB54 /* MetroTabBar */ = {
			isa = PBXNativeTarget;
			buildConfigurationList = 1D6058960D05DD3E006BFB54 /* Build configuration list for PBXNativeTarget "MetroTabBar" */;
			buildPhases = (
				8B7895FA0B24F17836152922 /* [CP] Check Pods Manifest.lock */,
				1D60588D0D05DD3D006BFB54 /* Resources */,
				1D60588E0D05DD3D006BFB54 /* Sources */,
				1D60588F0D05DD3D006BFB54 /* Frameworks */,
			);
			buildRules = (
			);
			dependencies = (
			);
			name = MetroTabBar;
			productName = MetroTabBar;
			productReference = 1D6058910D05DD3D006BFB54 /* MetroTabBar.app */;
			productType = "com.apple.product-type.application";
		};
/* End PBXNativeTarget section */

/* Begin PBXProject section */
		29B97313FDCFA39411CA2CEA /* Project object */ = {
			isa = PBXProject;
			attributes = {
				LastUpgradeCheck = 0800;
			};
			buildConfigurationList = C01FCF4E08A954540054247B /* Build configuration list for PBXProject "MetroTabBar" */;
			compatibilityVersion = "Xcode 12.0";
			developmentRegion = English;
			hasScannedForEncodings = 1;
			knownRegions = (
				English,
				en,
			);
			mainGroup = 29B97314FDCFA39411CA2CEA /* MetroTabBar */;
			productRefGroup = 19C28FACFE9D520D11CA2CBB /* Products */;
			projectDirPath = "";
			projectRoot = "";
			targets = (
				1D6058900D05DD3D006BFB54 /* MetroTabBar */,
			);
		};
/* End PBXProject section */

/* Begin PBXResourcesBuildPhase section */
		1D60588D0D05DD3D006BFB54 /* Resources */ = {
			isa = PBXResourcesBuildPhase;
			buildActionMask = 2147483647;
			files = (
				506499FF17DD2C9C007FE44C /* b.png in Resources */,
				28AD73880D9D96C1002E5188 /* MainWindow.xib in Resources */,
				506499B617DD2097007FE44C /* list@2x.png in Resources */,
				50649A0B17DD2C9C007FE44C /* gy.png in Resources */,
				50D10EF717DD0C8900D7E34B /* Images.xcassets in Resources */,
				D09E9B030E91726300ECE763 /* ListView.xib in Resources */,
				D09E9B050E91726900ECE763 /* MapView.xib in Resources */,
				50649A0C17DD2C9C007FE44C /* gy@2x.png in Resources */,
				50649A0617DD2C9C007FE44C /* bor@2x.png in Resources */,
				50ED01D61DA14C8C006F0BC1 /* LaunchScreen.storyboard in Resources */,
				506F917319780FFB00242E91 /* dc-metro-silver.html in Resources */,
				506F917119780FC700242E91 /* dc_metro_silver.png in Resources */,
				D0C10A040E918A01008F3EA7 /* FavoritesView.xib in Resources */,
				D0EFE0560E91900B006EDB00 /* WebView.xib in Resources */,
				50649A0817DD2C9C007FE44C /* by@2x.png in Resources */,
				93D9901D0EB2E79500DC7F32 /* orange-star.png in Resources */,
				93D990CC0EB2F77700DC7F32 /* grey-star.png in Resources */,
				930F23D50EBFFF0F00DDFBB0 /* MapWebView.xib in Resources */,
				506499B817DD209E007FE44C /* map@2x.png in Resources */,
				50649A1417DD2C9C007FE44C /* y@2x.png in Resources */,
				50649A0E17DD2C9C007FE44C /* gyr@2x.png in Resources */,
				50649A0417DD2C9C007FE44C /* bogy@2x.png in Resources */,
				50649A0217DD2C9C007FE44C /* bo@2x.png in Resources */,
				50649A0017DD2C9C007FE44C /* b@2x.png in Resources */,
				93B33E080EC0DA290069A656 /* apple-touch-icon.png in Resources */,
				50649A1217DD2C9C007FE44C /* r@2x.png in Resources */,
				506499BA17DD2573007FE44C /* grey-star@2x.png in Resources */,
				50649A1017DD2C9C007FE44C /* o@2x.png in Resources */,
				50649A0A17DD2C9C007FE44C /* g@2x.png in Resources */,
				506F916F19780C6000242E91 /* s.png in Resources */,
				506499BC17DD257B007FE44C /* orange-star@2x.png in Resources */,
				506F916E19780C6000242E91 /* s@2x.png in Resources */,
				50649A0D17DD2C9C007FE44C /* gyr.png in Resources */,
				50649A0717DD2C9C007FE44C /* by.png in Resources */,
				934322920EC8E64900374E69 /* list.png in Resources */,
				50649A0117DD2C9C007FE44C /* bo.png in Resources */,
				50649A0F17DD2C9C007FE44C /* o.png in Resources */,
				934322930EC8E64900374E69 /* map.png in Resources */,
				50649A1317DD2C9C007FE44C /* y.png in Resources */,
				505AA0CC1331B9E30010B6FF /* apple-touch-icon-retina.png in Resources */,
				50649A0317DD2C9C007FE44C /* bogy.png in Resources */,
				50649A1117DD2C9C007FE44C /* r.png in Resources */,
				50649A0517DD2C9C007FE44C /* bor.png in Resources */,
				50D1A6E21336763C00AFAFCD /* MainWindow-iPad.xib in Resources */,
				50D5EA651337FB8A00E4E1E6 /* apple-touch-icon2.png in Resources */,
				50649A0917DD2C9C007FE44C /* g.png in Resources */,
			);
			runOnlyForDeploymentPostprocessing = 0;
		};
/* End PBXResourcesBuildPhase section */

/* Begin PBXShellScriptBuildPhase section */
		8B7895FA0B24F17836152922 /* [CP] Check Pods Manifest.lock */ = {
			isa = PBXShellScriptBuildPhase;
			buildActionMask = 2147483647;
			files = (
			);
			inputPaths = (
				"${PODS_PODFILE_DIR_PATH}/Podfile.lock",
				"${PODS_ROOT}/Manifest.lock",
			);
			name = "[CP] Check Pods Manifest.lock";
			outputPaths = (
				"$(DERIVED_FILE_DIR)/Pods-MetroTabBar-checkManifestLockResult.txt",
			);
			runOnlyForDeploymentPostprocessing = 0;
			shellPath = /bin/sh;
			shellScript = "diff \"${PODS_PODFILE_DIR_PATH}/Podfile.lock\" \"${PODS_ROOT}/Manifest.lock\" > /dev/null\nif [ $? != 0 ] ; then\n    # print error to STDERR\n    echo \"error: The sandbox is not in sync with the Podfile.lock. Run 'pod install' or update your CocoaPods installation.\" >&2\n    exit 1\nfi\n# This output is used by Xcode 'outputs' to avoid re-running this script phase.\necho \"SUCCESS\" > \"${SCRIPT_OUTPUT_FILE_0}\"\n";
			showEnvVarsInLog = 0;
		};
/* End PBXShellScriptBuildPhase section */

/* Begin PBXSourcesBuildPhase section */
		1D60588E0D05DD3D006BFB54 /* Sources */ = {
			isa = PBXSourcesBuildPhase;
			buildActionMask = 2147483647;
			files = (
				1D60589B0D05DD56006BFB54 /* main.m in Sources */,
				1D3623260D0F684500981E51 /* MetroTabBarAppDelegate.m in Sources */,
				D09E9B080E91727F00ECE763 /* ListViewController.m in Sources */,
				D09E9B0B0E91728800ECE763 /* MapViewController.m in Sources */,
				506499B417DD16CA007FE44C /* MapWebViewController.m in Sources */,
				D0C10A070E918A13008F3EA7 /* FavoritesViewController.m in Sources */,
				D0C10A2C0E918B22008F3EA7 /* WebViewController.m in Sources */,
				93EF6C460EB3F560005092A7 /* MapUIScrollView.m in Sources */,
			);
			runOnlyForDeploymentPostprocessing = 0;
		};
/* End PBXSourcesBuildPhase section */

/* Begin XCBuildConfiguration section */
		1D6058940D05DD3E006BFB54 /* Debug */ = {
			isa = XCBuildConfiguration;
			baseConfigurationReference = C0FB1E78C8D1593CE9685D33 /* Pods-MetroTabBar.debug.xcconfig */;
			buildSettings = {
				ALWAYS_SEARCH_USER_PATHS = NO;
				ASSETCATALOG_COMPILER_APPICON_NAME = AppIcon;
				ASSETCATALOG_COMPILER_LAUNCHIMAGE_NAME = LaunchImage;
				COPY_PHASE_STRIP = NO;
				CURRENT_PROJECT_VERSION = 1.0.12;
				DEVELOPMENT_TEAM = 49WDPW523Y;
				FRAMEWORK_SEARCH_PATHS = (
					"$(inherited)",
					"$(SRCROOT)",
				);
				GCC_DYNAMIC_NO_PIC = NO;
				GCC_OPTIMIZATION_LEVEL = 0;
				GCC_PRECOMPILE_PREFIX_HEADER = YES;
				GCC_PREFIX_HEADER = MetroTabBar_Prefix.pch;
				INFOPLIST_FILE = Info.plist;
				IPHONEOS_DEPLOYMENT_TARGET = 12.0;
				MARKETING_VERSION = 1.0.12;
				PRODUCT_BUNDLE_IDENTIFIER = com.justinc.metroapp;
				PRODUCT_NAME = MetroTabBar;
			};
			name = Debug;
		};
		1D6058950D05DD3E006BFB54 /* Release */ = {
			isa = XCBuildConfiguration;
			baseConfigurationReference = 6D0ADEF0BBFA4799EC6AE57F /* Pods-MetroTabBar.release.xcconfig */;
			buildSettings = {
				ALWAYS_SEARCH_USER_PATHS = NO;
				ASSETCATALOG_COMPILER_APPICON_NAME = AppIcon;
				ASSETCATALOG_COMPILER_LAUNCHIMAGE_NAME = LaunchImage;
				COPY_PHASE_STRIP = YES;
				CURRENT_PROJECT_VERSION = 1.0.12;
				DEVELOPMENT_TEAM = 49WDPW523Y;
				FRAMEWORK_SEARCH_PATHS = (
					"$(inherited)",
					"$(SRCROOT)",
				);
				GCC_PRECOMPILE_PREFIX_HEADER = YES;
				GCC_PREFIX_HEADER = MetroTabBar_Prefix.pch;
				INFOPLIST_FILE = Info.plist;
				IPHONEOS_DEPLOYMENT_TARGET = 12.0;
				MARKETING_VERSION = 1.0.12;
				PRODUCT_BUNDLE_IDENTIFIER = com.justinc.metroapp;
				PRODUCT_NAME = MetroTabBar;
			};
			name = Release;
		};
		939795360ECB7D62008123EE /* Distribution */ = {
			isa = XCBuildConfiguration;
			buildSettings = {
				CLANG_WARN_BOOL_CONVERSION = YES;
				CLANG_WARN_CONSTANT_CONVERSION = YES;
				CLANG_WARN_EMPTY_BODY = YES;
				CLANG_WARN_ENUM_CONVERSION = YES;
				CLANG_WARN_INFINITE_RECURSION = YES;
				CLANG_WARN_INT_CONVERSION = YES;
				CLANG_WARN_SUSPICIOUS_MOVE = YES;
				CLANG_WARN_UNREACHABLE_CODE = YES;
				CLANG_WARN__DUPLICATE_METHOD_MATCH = YES;
				"CODE_SIGN_IDENTITY[sdk=iphoneos*]" = "iPhone Distribution";
				ENABLE_STRICT_OBJC_MSGSEND = YES;
				GCC_C_LANGUAGE_STANDARD = c99;
				GCC_NO_COMMON_BLOCKS = YES;
				GCC_WARN_64_TO_32_BIT_CONVERSION = YES;
				GCC_WARN_ABOUT_RETURN_TYPE = YES;
				GCC_WARN_UNDECLARED_SELECTOR = YES;
				GCC_WARN_UNINITIALIZED_AUTOS = YES;
				GCC_WARN_UNUSED_FUNCTION = YES;
				GCC_WARN_UNUSED_VARIABLE = YES;
				IPHONEOS_DEPLOYMENT_TARGET = 10.0;
				PREBINDING = NO;
				"PROVISIONING_PROFILE[sdk=iphoneos*]" = "";
				SDKROOT = iphoneos;
				TARGETED_DEVICE_FAMILY = "1,2";
			};
			name = Distribution;
		};
		939795370ECB7D62008123EE /* Distribution */ = {
			isa = XCBuildConfiguration;
			baseConfigurationReference = 39ACEFCB6F60D69E01417795 /* Pods-MetroTabBar.distribution.xcconfig */;
			buildSettings = {
				ALWAYS_SEARCH_USER_PATHS = NO;
				ASSETCATALOG_COMPILER_APPICON_NAME = AppIcon;
				ASSETCATALOG_COMPILER_LAUNCHIMAGE_NAME = LaunchImage;
				COPY_PHASE_STRIP = YES;
				CURRENT_PROJECT_VERSION = 1.0.12;
				DEVELOPMENT_TEAM = 49WDPW523Y;
				FRAMEWORK_SEARCH_PATHS = (
					"$(inherited)",
					"$(SRCROOT)",
				);
				GCC_PRECOMPILE_PREFIX_HEADER = YES;
				GCC_PREFIX_HEADER = MetroTabBar_Prefix.pch;
				INFOPLIST_FILE = Info.plist;
				IPHONEOS_DEPLOYMENT_TARGET = 12.0;
				MARKETING_VERSION = 1.0.12;
				PRODUCT_BUNDLE_IDENTIFIER = com.justinc.metroapp;
				PRODUCT_NAME = MetroTabBar;
			};
			name = Distribution;
		};
		C01FCF4F08A954540054247B /* Debug */ = {
			isa = XCBuildConfiguration;
			buildSettings = {
				CLANG_WARN_BOOL_CONVERSION = YES;
				CLANG_WARN_CONSTANT_CONVERSION = YES;
				CLANG_WARN_EMPTY_BODY = YES;
				CLANG_WARN_ENUM_CONVERSION = YES;
				CLANG_WARN_INFINITE_RECURSION = YES;
				CLANG_WARN_INT_CONVERSION = YES;
				CLANG_WARN_SUSPICIOUS_MOVE = YES;
				CLANG_WARN_UNREACHABLE_CODE = YES;
				CLANG_WARN__DUPLICATE_METHOD_MATCH = YES;
				"CODE_SIGN_IDENTITY[sdk=iphoneos*]" = "iPhone Developer";
				ENABLE_STRICT_OBJC_MSGSEND = YES;
				ENABLE_TESTABILITY = YES;
				GCC_C_LANGUAGE_STANDARD = c99;
				GCC_NO_COMMON_BLOCKS = YES;
				GCC_WARN_64_TO_32_BIT_CONVERSION = YES;
				GCC_WARN_ABOUT_RETURN_TYPE = YES;
				GCC_WARN_UNDECLARED_SELECTOR = YES;
				GCC_WARN_UNINITIALIZED_AUTOS = YES;
				GCC_WARN_UNUSED_FUNCTION = YES;
				GCC_WARN_UNUSED_VARIABLE = YES;
				IPHONEOS_DEPLOYMENT_TARGET = 10.0;
				ONLY_ACTIVE_ARCH = YES;
				PREBINDING = NO;
				SDKROOT = iphoneos;
				TARGETED_DEVICE_FAMILY = "1,2";
			};
			name = Debug;
		};
		C01FCF5008A954540054247B /* Release */ = {
			isa = XCBuildConfiguration;
			buildSettings = {
				CLANG_WARN_BOOL_CONVERSION = YES;
				CLANG_WARN_CONSTANT_CONVERSION = YES;
				CLANG_WARN_EMPTY_BODY = YES;
				CLANG_WARN_ENUM_CONVERSION = YES;
				CLANG_WARN_INFINITE_RECURSION = YES;
				CLANG_WARN_INT_CONVERSION = YES;
				CLANG_WARN_SUSPICIOUS_MOVE = YES;
				CLANG_WARN_UNREACHABLE_CODE = YES;
				CLANG_WARN__DUPLICATE_METHOD_MATCH = YES;
				"CODE_SIGN_IDENTITY[sdk=iphoneos*]" = "iPhone Developer";
				ENABLE_STRICT_OBJC_MSGSEND = YES;
				GCC_C_LANGUAGE_STANDARD = c99;
				GCC_NO_COMMON_BLOCKS = YES;
				GCC_WARN_64_TO_32_BIT_CONVERSION = YES;
				GCC_WARN_ABOUT_RETURN_TYPE = YES;
				GCC_WARN_UNDECLARED_SELECTOR = YES;
				GCC_WARN_UNINITIALIZED_AUTOS = YES;
				GCC_WARN_UNUSED_FUNCTION = YES;
				GCC_WARN_UNUSED_VARIABLE = YES;
				IPHONEOS_DEPLOYMENT_TARGET = 10.0;
				PREBINDING = NO;
				"PROVISIONING_PROFILE[sdk=iphoneos*]" = "";
				SDKROOT = iphoneos;
				TARGETED_DEVICE_FAMILY = "1,2";
			};
			name = Release;
		};
/* End XCBuildConfiguration section */

/* Begin XCConfigurationList section */
		1D6058960D05DD3E006BFB54 /* Build configuration list for PBXNativeTarget "MetroTabBar" */ = {
			isa = XCConfigurationList;
			buildConfigurations = (
				1D6058940D05DD3E006BFB54 /* Debug */,
				1D6058950D05DD3E006BFB54 /* Release */,
				939795370ECB7D62008123EE /* Distribution */,
			);
			defaultConfigurationIsVisible = 0;
			defaultConfigurationName = Release;
		};
		C01FCF4E08A954540054247B /* Build configuration list for PBXProject "MetroTabBar" */ = {
			isa = XCConfigurationList;
			buildConfigurations = (
				C01FCF4F08A954540054247B /* Debug */,
				C01FCF5008A954540054247B /* Release */,
				939795360ECB7D62008123EE /* Distribution */,
			);
			defaultConfigurationIsVisible = 0;
			defaultConfigurationName = Release;
		};
/* End XCConfigurationList section */
	};
	rootObject = 29B97313FDCFA39411CA2CEA /* Project object */;
}
